
Microsoft Visual Studio Solution File, Format Version 12.00
# Visual Studio Version 17
VisualStudioVersion = 17.7.34031.279
MinimumVisualStudioVersion = 10.0.40219.1
Project("{FAE04EC0-301F-11D3-BF4B-00C04F79EFBC}") = "Homeworkksss", "Homeworkksss\Homeworkksss.csproj", "{E322C785-002B-424B-A2A5-0393BF5BAE82}"
EndProject
Global
	GlobalSection(SolutionConfigurationPlatforms) = preSolution
		Debug|Any CPU = Debug|Any CPU
		Release|Any CPU = Release|Any CPU
	EndGlobalSection
	GlobalSection(ProjectConfigurationPlatforms) = postSolution
		{E322C785-002B-424B-A2A5-0393BF5BAE82}.Debug|Any CPU.ActiveCfg = Debug|Any CPU
		{E322C785-002B-424B-A2A5-0393BF5BAE82}.Debug|Any CPU.Build.0 = Debug|Any CPU
		{E322C785-002B-424B-A2A5-0393BF5BAE82}.Release|Any CPU.ActiveCfg = Release|Any CPU
		{E322C785-002B-424B-A2A5-0393BF5BAE82}.Release|Any CPU.Build.0 = Release|Any CPU
	EndGlobalSection
	GlobalSection(SolutionProperties) = preSolution
		HideSolutionNode = FALSE
	EndGlobalSection
	GlobalSection(ExtensibilityGlobals) = postSolution
		SolutionGuid = {1D084F63-E463-433E-8228-FCFE1D451E9C}
	EndGlobalSection
EndGlobal
